<?xml version="1.0" encoding="utf-8"?>
<Project ToolsVersion="4.0" xmlns="http://schemas.microsoft.com/developer/msbuild/2003">
  <ItemGroup>
    <Filter Include="소스 파일">
      <UniqueIdentifier>{4FC737F1-C7A5-4376-A066-2A32D752A2FF}</UniqueIdentifier>
      <Extensions>cpp;c;cc;cxx;c++;cppm;ixx;def;odl;idl;hpj;bat;asm;asmx</Extensions>
    </Filter>
    <Filter Include="헤더 파일">
      <UniqueIdentifier>{93995380-89BD-4b04-88EB-625FBE52EBFB}</UniqueIdentifier>
      <Extensions>h;hh;hpp;hxx;h++;hm;inl;inc;ipp;xsd</Extensions>
    </Filter>
    <Filter Include="리소스 파일">
      <UniqueIdentifier>{67DA6AB6-F800-4c08-8B7A-83BB121AAD01}</UniqueIdentifier>
      <Extensions>rc;ico;cur;bmp;dlg;rc2;rct;bin;rgs;gif;jpg;jpeg;jpe;resx;tiff;tif;png;wav;mfcribbon-ms</Extensions>
    </Filter>
    <Filter Include="헤더 파일\Header">
      <UniqueIdentifier>{fa13a5c3-d904-4684-bb53-e8a67460c350}</UniqueIdentifier>
    </Filter>
    <Filter Include="소스 파일\99.Manager">
      <UniqueIdentifier>{f7aac719-acf2-4165-b040-2169276feb19}</UniqueIdentifier>
    </Filter>
    <Filter Include="소스 파일\99.Manager\SceneManager">
      <UniqueIdentifier>{54481e82-9c19-4636-a0c0-ad466e51f875}</UniqueIdentifier>
    </Filter>
    <Filter Include="소스 파일\01.Scene">
      <UniqueIdentifier>{a3ef75dd-04ce-452d-a1f3-831a11af6cdf}</UniqueIdentifier>
    </Filter>
    <Filter Include="헤더 파일\Include">
      <UniqueIdentifier>{f3d2fc2b-2405-43b6-b053-3f9298729340}</UniqueIdentifier>
    </Filter>
    <Filter Include="소스 파일\01.Scene\Logo">
      <UniqueIdentifier>{01e4c8e7-484b-48de-b966-d8d3492f2247}</UniqueIdentifier>
    </Filter>
    <Filter Include="소스 파일\99.Manager\RenderManager">
      <UniqueIdentifier>{df95a026-0cbc-46fd-a36d-f2b45e17d145}</UniqueIdentifier>
    </Filter>
    <Filter Include="소스 파일\00.MainUpdate">
      <UniqueIdentifier>{f2c3afa6-9d78-438c-be8e-57c1358fcd89}</UniqueIdentifier>
    </Filter>
    <Filter Include="소스 파일\01.Scene\Menu">
      <UniqueIdentifier>{852111fb-a38c-48e7-b349-9e18198cb75a}</UniqueIdentifier>
    </Filter>
    <Filter Include="소스 파일\02.Object">
      <UniqueIdentifier>{aad4f7bf-d025-40d2-8215-6d063fa4375f}</UniqueIdentifier>
    </Filter>
    <Filter Include="소스 파일\02.Object\Player">
      <UniqueIdentifier>{b5b9fb0b-e7fc-4721-8545-68bf3fecf2cc}</UniqueIdentifier>
    </Filter>
    <Filter Include="소스 파일\02.Object\Logo_Back">
      <UniqueIdentifier>{60859a80-8f4f-4c3b-82f1-2c6c3e92db92}</UniqueIdentifier>
    </Filter>
    <Filter Include="소스 파일\99.Manager\ObjectManager">
      <UniqueIdentifier>{e40e9063-9ab2-44d0-9d81-25bae444784e}</UniqueIdentifier>
    </Filter>
    <Filter Include="소스 파일\02.Object\MenuButton">
      <UniqueIdentifier>{bbbc998a-1d84-4d4e-8aed-14c8e37d61af}</UniqueIdentifier>
    </Filter>
    <Filter Include="소스 파일\99.Manager\ObjectFactory">
      <UniqueIdentifier>{505955bb-1ddf-4869-8da3-dccfc4abf52f}</UniqueIdentifier>
    </Filter>
    <Filter Include="소스 파일\01.Scene\HelpScene">
      <UniqueIdentifier>{85711ca1-4ca9-4791-8952-4f54deec5b2f}</UniqueIdentifier>
    </Filter>
    <Filter Include="소스 파일\01.Scene\PlayerSelect">
      <UniqueIdentifier>{aad5b7bf-5bc5-49f0-9448-c914b7fecb53}</UniqueIdentifier>
    </Filter>
    <Filter Include="소스 파일\01.Scene\Satge">
      <UniqueIdentifier>{c4daa733-f4fb-4d0f-ace6-815ffea7a9f9}</UniqueIdentifier>
    </Filter>
    <Filter Include="소스 파일\99.Manager\InputManager">
      <UniqueIdentifier>{8019836a-ff79-458e-833e-7da5024e5055}</UniqueIdentifier>
    </Filter>
    <Filter Include="소스 파일\02.Object\Bullet">
      <UniqueIdentifier>{4492074d-d34e-4d47-aa62-26a100e6a29e}</UniqueIdentifier>
    </Filter>
    <Filter Include="소스 파일\99.Manager\Pattern">
      <UniqueIdentifier>{c24a53b1-5e0c-464d-8acc-43d73f017b04}</UniqueIdentifier>
    </Filter>
    <Filter Include="소스 파일\99.Manager\Pattern\Bridge">
      <UniqueIdentifier>{658b0f2f-ea67-4656-beb3-2ca1b09158d5}</UniqueIdentifier>
    </Filter>
    <Filter Include="소스 파일\99.Manager\MathManager">
      <UniqueIdentifier>{be54499c-7c80-40c4-8678-9bcf56fb7e03}</UniqueIdentifier>
    </Filter>
    <Filter Include="소스 파일\02.Object\Bullet\BulletBridge">
      <UniqueIdentifier>{63ac0cae-30a9-47d3-914c-ddea3f994c91}</UniqueIdentifier>
    </Filter>
    <Filter Include="소스 파일\02.Object\Bullet\BulletBridge\NormalBullet">
      <UniqueIdentifier>{ed42dfa6-4f78-4ff8-8449-a5287fc8d0b2}</UniqueIdentifier>
    </Filter>
    <Filter Include="소스 파일\02.Object\Boomb">
      <UniqueIdentifier>{0fb5ca70-517f-43a9-963b-fa9965c1e6d2}</UniqueIdentifier>
    </Filter>
    <Filter Include="소스 파일\02.Object\Enemy">
      <UniqueIdentifier>{f0d3aa63-ae23-4c54-a3b6-987ad747da20}</UniqueIdentifier>
    </Filter>
    <Filter Include="소스 파일\02.Object\Enemy\EnemyBridge">
      <UniqueIdentifier>{94e0de4a-0bca-42a9-8cd3-c59e5caf8038}</UniqueIdentifier>
    </Filter>
    <Filter Include="소스 파일\02.Object\Enemy\EnemyBridge\Boss">
      <UniqueIdentifier>{3d99a954-a8c3-4bc8-a78f-34a2f636c397}</UniqueIdentifier>
    </Filter>
    <Filter Include="소스 파일\02.Object\Enemy\EnemyBridge\BaseEnemy">
      <UniqueIdentifier>{328bee79-d750-4a65-8c87-41826f26a0ec}</UniqueIdentifier>
    </Filter>
    <Filter Include="소스 파일\02.Object\Enemy\EnemyBridge\Bomber">
      <UniqueIdentifier>{1b98b1d8-09c6-45bd-bac5-59d2f59a16f8}</UniqueIdentifier>
    </Filter>
    <Filter Include="소스 파일\99.Manager\CollisionManager">
      <UniqueIdentifier>{2ad2cdee-eaed-4e53-917c-a18c90a137c9}</UniqueIdentifier>
    </Filter>
    <Filter Include="소스 파일\02.Object\Bullet\BulletBridge\EnemyNomalBullet">
      <UniqueIdentifier>{8aec23a2-f5d1-442f-b341-69689254b68e}</UniqueIdentifier>
    </Filter>
    <Filter Include="소스 파일\02.Object\Boomb\BoomEffect">
      <UniqueIdentifier>{bcef5c91-fc00-4b5d-8df2-d28d4419c79c}</UniqueIdentifier>
    </Filter>
    <Filter Include="소스 파일\02.Object\UI">
      <UniqueIdentifier>{f7177d6a-fa82-4cb7-a6e5-b6c72b9dd8e7}</UniqueIdentifier>
    </Filter>
    <Filter Include="소스 파일\02.Object\UI\Hart_Ui">
      <UniqueIdentifier>{598ed56e-3056-479d-8f6e-c39fb93d1854}</UniqueIdentifier>
    </Filter>
    <Filter Include="소스 파일\02.Object\UI\BoombUI">
      <UniqueIdentifier>{02eea557-bc3d-4f44-b080-d3403307dbfb}</UniqueIdentifier>
    </Filter>
    <Filter Include="소스 파일\02.Object\UI\ScoreUI">
      <UniqueIdentifier>{663d2006-50c2-445a-a6af-c17889570a91}</UniqueIdentifier>
    </Filter>
    <Filter Include="소스 파일\02.Object\UI\BoombUI\BoombCount">
      <UniqueIdentifier>{e84e1d82-f9e0-4eff-a51f-3cf399ebc205}</UniqueIdentifier>
    </Filter>
    <Filter Include="소스 파일\99.Manager\SoundManager">
      <UniqueIdentifier>{981f11a5-3a40-463e-89af-3c61a54f28b8}</UniqueIdentifier>
    </Filter>
    <Filter Include="소스 파일\02.Object\Item">
      <UniqueIdentifier>{923b3d57-3d67-4af5-98d6-6ddc3926beb7}</UniqueIdentifier>
    </Filter>
    <Filter Include="소스 파일\02.Object\Bullet\BulletBridge\ReflectionBullet">
      <UniqueIdentifier>{36dcd371-00ab-4001-baad-356464724a9d}</UniqueIdentifier>
    </Filter>
  </ItemGroup>
  <ItemGroup>
    <ClInclude Include="Header.h">
      <Filter>헤더 파일</Filter>
    </ClInclude>
    <ClInclude Include="APIGame.h">
      <Filter>헤더 파일\Header</Filter>
    </ClInclude>
    <ClInclude Include="framework.h">
      <Filter>헤더 파일\Header</Filter>
    </ClInclude>
    <ClInclude Include="Resource.h">
      <Filter>헤더 파일\Header</Filter>
    </ClInclude>
    <ClInclude Include="targetver.h">
      <Filter>헤더 파일\Header</Filter>
    </ClInclude>
    <ClInclude Include="MainUpdate.h">
      <Filter>소스 파일\00.MainUpdate</Filter>
    </ClInclude>
    <ClInclude Include="SceneManager.h">
      <Filter>소스 파일\99.Manager\SceneManager</Filter>
    </ClInclude>
    <ClInclude Include="Scene.h">
      <Filter>소스 파일\01.Scene</Filter>
    </ClInclude>
    <ClInclude Include="Enum.h">
      <Filter>헤더 파일\Include</Filter>
    </ClInclude>
    <ClInclude Include="Logo.h">
      <Filter>소스 파일\01.Scene\Logo</Filter>
    </ClInclude>
    <ClInclude Include="Bitmap.h">
      <Filter>소스 파일\99.Manager\RenderManager</Filter>
    </ClInclude>
    <ClInclude Include="Constant.h">
      <Filter>헤더 파일\Include</Filter>
    </ClInclude>
    <ClInclude Include="Menu.h">
      <Filter>소스 파일\01.Scene\Menu</Filter>
    </ClInclude>
    <ClInclude Include="Object.h">
      <Filter>소스 파일\02.Object</Filter>
    </ClInclude>
    <ClInclude Include="Struct.h">
      <Filter>헤더 파일\Include</Filter>
    </ClInclude>
    <ClInclude Include="Player.h">
      <Filter>소스 파일\02.Object\Player</Filter>
    </ClInclude>
    <ClInclude Include="Logo_Back.h">
      <Filter>소스 파일\02.Object\Logo_Back</Filter>
    </ClInclude>
    <ClInclude Include="ObjectManager.h">
      <Filter>소스 파일\99.Manager\ObjectManager</Filter>
    </ClInclude>
    <ClInclude Include="MenuButton.h">
      <Filter>소스 파일\02.Object\MenuButton</Filter>
    </ClInclude>
    <ClInclude Include="ObjectFactory.h">
      <Filter>소스 파일\99.Manager\ObjectFactory</Filter>
    </ClInclude>
    <ClInclude Include="HelpScene.h">
      <Filter>소스 파일\01.Scene\HelpScene</Filter>
    </ClInclude>
    <ClInclude Include="PlayerSelect.h">
      <Filter>소스 파일\01.Scene\PlayerSelect</Filter>
    </ClInclude>
    <ClInclude Include="Stage01.h">
      <Filter>소스 파일\01.Scene\Satge</Filter>
    </ClInclude>
    <ClInclude Include="InputManager.h">
      <Filter>소스 파일\99.Manager\InputManager</Filter>
    </ClInclude>
    <ClInclude Include="Bullet.h">
      <Filter>소스 파일\02.Object\Bullet</Filter>
    </ClInclude>
    <ClInclude Include="Bridge.h">
      <Filter>소스 파일\99.Manager\Pattern\Bridge</Filter>
    </ClInclude>
    <ClInclude Include="MathManager.h">
      <Filter>소스 파일\99.Manager\MathManager</Filter>
    </ClInclude>
    <ClInclude Include="BulletBridge.h">
      <Filter>소스 파일\02.Object\Bullet\BulletBridge</Filter>
    </ClInclude>
    <ClInclude Include="NormalBullet.h">
      <Filter>소스 파일\02.Object\Bullet\BulletBridge\NormalBullet</Filter>
    </ClInclude>
    <ClInclude Include="Boomb.h">
      <Filter>소스 파일\02.Object\Boomb</Filter>
    </ClInclude>
    <ClInclude Include="Enemy.h">
      <Filter>소스 파일\02.Object\Enemy</Filter>
    </ClInclude>
    <ClInclude Include="EnemyBridge.h">
      <Filter>소스 파일\02.Object\Enemy\EnemyBridge</Filter>
    </ClInclude>
    <ClInclude Include="Boss.h">
      <Filter>소스 파일\02.Object\Enemy\EnemyBridge\Boss</Filter>
    </ClInclude>
    <ClInclude Include="BaseEnemy.h">
      <Filter>소스 파일\02.Object\Enemy\EnemyBridge\BaseEnemy</Filter>
    </ClInclude>
    <ClInclude Include="Bomber.h">
      <Filter>소스 파일\02.Object\Enemy\EnemyBridge\Bomber</Filter>
    </ClInclude>
    <ClInclude Include="CollisionManager.h">
      <Filter>소스 파일\99.Manager\CollisionManager</Filter>
    </ClInclude>
    <ClInclude Include="EnemyNomalBullet.h">
      <Filter>소스 파일\02.Object\Bullet\BulletBridge\EnemyNomalBullet</Filter>
    </ClInclude>
    <ClInclude Include="BoomEffect.h">
      <Filter>소스 파일\02.Object\Boomb\BoomEffect</Filter>
    </ClInclude>
    <ClInclude Include="Hart_Ui.h">
      <Filter>소스 파일\02.Object\UI\Hart_Ui</Filter>
    </ClInclude>
    <ClInclude Include="BoombUI.h">
      <Filter>소스 파일\02.Object\UI\BoombUI</Filter>
    </ClInclude>
    <ClInclude Include="Score.h">
      <Filter>소스 파일\02.Object\UI\ScoreUI</Filter>
    </ClInclude>
    <ClInclude Include="BoombCount.h">
      <Filter>소스 파일\02.Object\UI\BoombUI\BoombCount</Filter>
    </ClInclude>
    <ClInclude Include="SoundManager.h">
      <Filter>소스 파일\99.Manager\SoundManager</Filter>
    </ClInclude>
    <ClInclude Include="Item.h">
      <Filter>소스 파일\02.Object\Item</Filter>
    </ClInclude>
    <ClInclude Include="ReflectionBullet.h">
      <Filter>소스 파일\02.Object\Bullet\BulletBridge\ReflectionBullet</Filter>
    </ClInclude>
  </ItemGroup>
  <ItemGroup>
    <ClCompile Include="MainUpdate.cpp">
      <Filter>소스 파일\00.MainUpdate</Filter>
    </ClCompile>
    <ClCompile Include="APIGame.cpp">
      <Filter>소스 파일</Filter>
    </ClCompile>
    <ClCompile Include="SceneManager.cpp">
      <Filter>소스 파일\99.Manager\SceneManager</Filter>
    </ClCompile>
    <ClCompile Include="Scene.cpp">
      <Filter>소스 파일\01.Scene</Filter>
    </ClCompile>
    <ClCompile Include="Logo.cpp">
      <Filter>소스 파일\01.Scene\Logo</Filter>
    </ClCompile>
    <ClCompile Include="Bitmap.cpp">
      <Filter>소스 파일\99.Manager\RenderManager</Filter>
    </ClCompile>
    <ClCompile Include="Menu.cpp">
      <Filter>소스 파일\01.Scene\Menu</Filter>
    </ClCompile>
    <ClCompile Include="Object.cpp">
      <Filter>소스 파일\02.Object</Filter>
    </ClCompile>
    <ClCompile Include="Player.cpp">
      <Filter>소스 파일\02.Object\Player</Filter>
    </ClCompile>
    <ClCompile Include="Logo_Back.cpp">
      <Filter>소스 파일\02.Object\Logo_Back</Filter>
    </ClCompile>
    <ClCompile Include="ObjectManager.cpp">
      <Filter>소스 파일\99.Manager\ObjectManager</Filter>
    </ClCompile>
    <ClCompile Include="MenuButton.cpp">
      <Filter>소스 파일\02.Object\MenuButton</Filter>
    </ClCompile>
    <ClCompile Include="HelpScene.cpp">
      <Filter>소스 파일\01.Scene\HelpScene</Filter>
    </ClCompile>
    <ClCompile Include="PlayerSelect.cpp">
      <Filter>소스 파일\01.Scene\PlayerSelect</Filter>
    </ClCompile>
    <ClCompile Include="Stage01.cpp">
      <Filter>소스 파일\01.Scene\Satge</Filter>
    </ClCompile>
    <ClCompile Include="InputManager.cpp">
      <Filter>소스 파일\99.Manager\InputManager</Filter>
    </ClCompile>
    <ClCompile Include="Bullet.cpp">
      <Filter>소스 파일\02.Object\Bullet</Filter>
    </ClCompile>
    <ClCompile Include="Bridge.cpp">
      <Filter>소스 파일\99.Manager\Pattern\Bridge</Filter>
    </ClCompile>
    <ClCompile Include="MathManager.cpp">
      <Filter>소스 파일\99.Manager\MathManager</Filter>
    </ClCompile>
    <ClCompile Include="BulletBridge.cpp">
      <Filter>소스 파일\02.Object\Bullet\BulletBridge</Filter>
    </ClCompile>
    <ClCompile Include="NormalBullet.cpp">
      <Filter>소스 파일\02.Object\Bullet\BulletBridge\NormalBullet</Filter>
    </ClCompile>
    <ClCompile Include="Boomb.cpp">
      <Filter>소스 파일\02.Object\Boomb</Filter>
    </ClCompile>
    <ClCompile Include="Enemy.cpp">
      <Filter>소스 파일\02.Object\Enemy</Filter>
    </ClCompile>
    <ClCompile Include="EnemyBridge.cpp">
      <Filter>소스 파일\02.Object\Enemy\EnemyBridge</Filter>
    </ClCompile>
    <ClCompile Include="Boss.cpp">
      <Filter>소스 파일\02.Object\Enemy\EnemyBridge\Boss</Filter>
    </ClCompile>
    <ClCompile Include="BaseEnemy.cpp">
      <Filter>소스 파일\02.Object\Enemy\EnemyBridge\BaseEnemy</Filter>
    </ClCompile>
    <ClCompile Include="Bomber.cpp">
      <Filter>소스 파일\02.Object\Enemy\EnemyBridge\Bomber</Filter>
    </ClCompile>
    <ClCompile Include="EnemyNomalBullet.cpp">
      <Filter>소스 파일\02.Object\Bullet\BulletBridge\EnemyNomalBullet</Filter>
    </ClCompile>
    <ClCompile Include="BoomEffect.cpp">
      <Filter>소스 파일\02.Object\Boomb\BoomEffect</Filter>
    </ClCompile>
    <ClCompile Include="Hart_Ui.cpp">
      <Filter>소스 파일\02.Object\UI\Hart_Ui</Filter>
    </ClCompile>
    <ClCompile Include="BoombUI.cpp">
      <Filter>소스 파일\02.Object\UI\BoombUI</Filter>
    </ClCompile>
    <ClCompile Include="Score.cpp">
      <Filter>소스 파일\02.Object\UI\ScoreUI</Filter>
    </ClCompile>
    <ClCompile Include="BoombCount.cpp">
      <Filter>소스 파일\02.Object\UI\BoombUI\BoombCount</Filter>
    </ClCompile>
    <ClCompile Include="SoundManager.cpp">
      <Filter>소스 파일\99.Manager\SoundManager</Filter>
    </ClCompile>
    <ClCompile Include="Item.cpp">
      <Filter>소스 파일\02.Object\Item</Filter>
    </ClCompile>
    <ClCompile Include="ReflectionBullet.cpp">
      <Filter>소스 파일\02.Object\Bullet\BulletBridge\ReflectionBullet</Filter>
    </ClCompile>
  </ItemGroup>
  <ItemGroup>
    <ResourceCompile Include="APIGame.rc">
      <Filter>리소스 파일</Filter>
    </ResourceCompile>
  </ItemGroup>
  <ItemGroup>
    <Image Include="small.ico">
      <Filter>리소스 파일</Filter>
    </Image>
    <Image Include="APIGame.ico">
      <Filter>리소스 파일</Filter>
    </Image>
  </ItemGroup>
</Project>